// !$*UTF8*$!
{
	archiveVersion = 1;
	classes = {
	};
	objectVersion = 77;
	objects = {

/* Begin PBXBuildFile section */
		CF7894E72D3F635D00FB4BE9 /* bini-pet Watch App.app in Embed Watch Content */ = {isa = PBXBuildFile; fileRef = CF7894E62D3F635D00FB4BE9 /* bini-pet Watch App.app */; settings = {ATTRIBUTES = (RemoveHeadersOnCopy, ); }; };
/* End PBXBuildFile section */

/* Begin PBXContainerItemProxy section */
		CF7894D12D3F635D00FB4BE9 /* PBXContainerItemProxy */ = {
			isa = PBXContainerItemProxy;
			containerPortal = CF7894B82D3F635B00FB4BE9 /* Project object */;
			proxyType = 1;
			remoteGlobalIDString = CF7894BF2D3F635B00FB4BE9;
			remoteInfo = "bini-pet";
		};
		CF7894DB2D3F635D00FB4BE9 /* PBXContainerItemProxy */ = {
			isa = PBXContainerItemProxy;
			containerPortal = CF7894B82D3F635B00FB4BE9 /* Project object */;
			proxyType = 1;
			remoteGlobalIDString = CF7894BF2D3F635B00FB4BE9;
			remoteInfo = "bini-pet";
		};
		CF7894E82D3F635D00FB4BE9 /* PBXContainerItemProxy */ = {
			isa = PBXContainerItemProxy;
			containerPortal = CF7894B82D3F635B00FB4BE9 /* Project object */;
			proxyType = 1;
			remoteGlobalIDString = CF7894E52D3F635D00FB4BE9;
			remoteInfo = "bini-pet Watch App";
		};
		CF7894F92D3F635F00FB4BE9 /* PBXContainerItemProxy */ = {
			isa = PBXContainerItemProxy;
			containerPortal = CF7894B82D3F635B00FB4BE9 /* Project object */;
			proxyType = 1;
			remoteGlobalIDString = CF7894E52D3F635D00FB4BE9;
			remoteInfo = "bini-pet Watch App";
		};
		CF7895032D3F635F00FB4BE9 /* PBXContainerItemProxy */ = {
			isa = PBXContainerItemProxy;
			containerPortal = CF7894B82D3F635B00FB4BE9 /* Project object */;
			proxyType = 1;
			remoteGlobalIDString = CF7894E52D3F635D00FB4BE9;
			remoteInfo = "bini-pet Watch App";
		};
/* End PBXContainerItemProxy section */

/* Begin PBXCopyFilesBuildPhase section */
		CF78950F2D3F635F00FB4BE9 /* Embed Watch Content */ = {
			isa = PBXCopyFilesBuildPhase;
			buildActionMask = 2147483647;
			dstPath = "$(CONTENTS_FOLDER_PATH)/Watch";
			dstSubfolderSpec = 16;
			files = (
				CF7894E72D3F635D00FB4BE9 /* bini-pet Watch App.app in Embed Watch Content */,
			);
			name = "Embed Watch Content";
			runOnlyForDeploymentPostprocessing = 0;
		};
/* End PBXCopyFilesBuildPhase section */

/* Begin PBXFileReference section */
		CF7894C02D3F635B00FB4BE9 /* bini-pet.app */ = {isa = PBXFileReference; explicitFileType = wrapper.application; includeInIndex = 0; path = "bini-pet.app"; sourceTree = BUILT_PRODUCTS_DIR; };
		CF7894D02D3F635D00FB4BE9 /* bini-petTests.xctest */ = {isa = PBXFileReference; explicitFileType = wrapper.cfbundle; includeInIndex = 0; path = "bini-petTests.xctest"; sourceTree = BUILT_PRODUCTS_DIR; };
		CF7894DA2D3F635D00FB4BE9 /* bini-petUITests.xctest */ = {isa = PBXFileReference; explicitFileType = wrapper.cfbundle; includeInIndex = 0; path = "bini-petUITests.xctest"; sourceTree = BUILT_PRODUCTS_DIR; };
		CF7894E62D3F635D00FB4BE9 /* bini-pet Watch App.app */ = {isa = PBXFileReference; explicitFileType = wrapper.application; includeInIndex = 0; path = "bini-pet Watch App.app"; sourceTree = BUILT_PRODUCTS_DIR; };
		CF7894F82D3F635F00FB4BE9 /* bini-pet Watch AppTests.xctest */ = {isa = PBXFileReference; explicitFileType = wrapper.cfbundle; includeInIndex = 0; path = "bini-pet Watch AppTests.xctest"; sourceTree = BUILT_PRODUCTS_DIR; };
		CF7895022D3F635F00FB4BE9 /* bini-pet Watch AppUITests.xctest */ = {isa = PBXFileReference; explicitFileType = wrapper.cfbundle; includeInIndex = 0; path = "bini-pet Watch AppUITests.xctest"; sourceTree = BUILT_PRODUCTS_DIR; };
/* End PBXFileReference section */

/* Begin PBXFileSystemSynchronizedRootGroup section */
		CF7894C22D3F635B00FB4BE9 /* bini-pet */ = {
			isa = PBXFileSystemSynchronizedRootGroup;
			path = "bini-pet";
			sourceTree = "<group>";
		};
		CF7894D32D3F635D00FB4BE9 /* bini-petTests */ = {
			isa = PBXFileSystemSynchronizedRootGroup;
			path = "bini-petTests";
			sourceTree = "<group>";
		};
		CF7894DD2D3F635D00FB4BE9 /* bini-petUITests */ = {
			isa = PBXFileSystemSynchronizedRootGroup;
			path = "bini-petUITests";
			sourceTree = "<group>";
		};
		CF7894EA2D3F635E00FB4BE9 /* bini-pet Watch App */ = {
			isa = PBXFileSystemSynchronizedRootGroup;
			path = "bini-pet Watch App";
			sourceTree = "<group>";
		};
		CF7894FB2D3F635F00FB4BE9 /* bini-pet Watch AppTests */ = {
			isa = PBXFileSystemSynchronizedRootGroup;
			path = "bini-pet Watch AppTests";
			sourceTree = "<group>";
		};
		CF7895052D3F635F00FB4BE9 /* bini-pet Watch AppUITests */ = {
			isa = PBXFileSystemSynchronizedRootGroup;
			path = "bini-pet Watch AppUITests";
			sourceTree = "<group>";
		};
/* End PBXFileSystemSynchronizedRootGroup section */

/* Begin PBXFrameworksBuildPhase section */
		CF7894BD2D3F635B00FB4BE9 /* Frameworks */ = {
			isa = PBXFrameworksBuildPhase;
			buildActionMask = 2147483647;
			files = (
			);
			runOnlyForDeploymentPostprocessing = 0;
		};
		CF7894CD2D3F635D00FB4BE9 /* Frameworks */ = {
			isa = PBXFrameworksBuildPhase;
			buildActionMask = 2147483647;
			files = (
			);
			runOnlyForDeploymentPostprocessing = 0;
		};
		CF7894D72D3F635D00FB4BE9 /* Frameworks */ = {
			isa = PBXFrameworksBuildPhase;
			buildActionMask = 2147483647;
			files = (
			);
			runOnlyForDeploymentPostprocessing = 0;
		};
		CF7894E32D3F635D00FB4BE9 /* Frameworks */ = {
			isa = PBXFrameworksBuildPhase;
			buildActionMask = 2147483647;
			files = (
			);
			runOnlyForDeploymentPostprocessing = 0;
		};
		CF7894F52D3F635F00FB4BE9 /* Frameworks */ = {
			isa = PBXFrameworksBuildPhase;
			buildActionMask = 2147483647;
			files = (
			);
			runOnlyForDeploymentPostprocessing = 0;
		};
		CF7894FF2D3F635F00FB4BE9 /* Frameworks */ = {
			isa = PBXFrameworksBuildPhase;
			buildActionMask = 2147483647;
			files = (
			);
			runOnlyForDeploymentPostprocessing = 0;
		};
/* End PBXFrameworksBuildPhase section */

/* Begin PBXGroup section */
		CF7894B72D3F635B00FB4BE9 = {
			isa = PBXGroup;
			children = (
				CF7894C22D3F635B00FB4BE9 /* bini-pet */,
				CF7894D32D3F635D00FB4BE9 /* bini-petTests */,
				CF7894DD2D3F635D00FB4BE9 /* bini-petUITests */,
				CF7894EA2D3F635E00FB4BE9 /* bini-pet Watch App */,
				CF7894FB2D3F635F00FB4BE9 /* bini-pet Watch AppTests */,
				CF7895052D3F635F00FB4BE9 /* bini-pet Watch AppUITests */,
				CF7894C12D3F635B00FB4BE9 /* Products */,
			);
			sourceTree = "<group>";
		};
		CF7894C12D3F635B00FB4BE9 /* Products */ = {
			isa = PBXGroup;
			children = (
				CF7894C02D3F635B00FB4BE9 /* bini-pet.app */,
				CF7894D02D3F635D00FB4BE9 /* bini-petTests.xctest */,
				CF7894DA2D3F635D00FB4BE9 /* bini-petUITests.xctest */,
				CF7894E62D3F635D00FB4BE9 /* bini-pet Watch App.app */,
				CF7894F82D3F635F00FB4BE9 /* bini-pet Watch AppTests.xctest */,
				CF7895022D3F635F00FB4BE9 /* bini-pet Watch AppUITests.xctest */,
			);
			name = Products;
			sourceTree = "<group>";
		};
/* End PBXGroup section */

/* Begin PBXNativeTarget section */
		CF7894BF2D3F635B00FB4BE9 /* bini-pet */ = {
			isa = PBXNativeTarget;
			buildConfigurationList = CF7895102D3F635F00FB4BE9 /* Build configuration list for PBXNativeTarget "bini-pet" */;
			buildPhases = (
				CF7894BC2D3F635B00FB4BE9 /* Sources */,
				CF7894BD2D3F635B00FB4BE9 /* Frameworks */,
				CF7894BE2D3F635B00FB4BE9 /* Resources */,
				CF78950F2D3F635F00FB4BE9 /* Embed Watch Content */,
			);
			buildRules = (
			);
			dependencies = (
				CF7894E92D3F635D00FB4BE9 /* PBXTargetDependency */,
			);
			fileSystemSynchronizedGroups = (
				CF7894C22D3F635B00FB4BE9 /* bini-pet */,
			);
			name = "bini-pet";
			packageProductDependencies = (
			);
			productName = "bini-pet";
			productReference = CF7894C02D3F635B00FB4BE9 /* bini-pet.app */;
			productType = "com.apple.product-type.application";
		};
		CF7894CF2D3F635D00FB4BE9 /* bini-petTests */ = {
			isa = PBXNativeTarget;
			buildConfigurationList = CF7895132D3F635F00FB4BE9 /* Build configuration list for PBXNativeTarget "bini-petTests" */;
			buildPhases = (
				CF7894CC2D3F635D00FB4BE9 /* Sources */,
				CF7894CD2D3F635D00FB4BE9 /* Frameworks */,
				CF7894CE2D3F635D00FB4BE9 /* Resources */,
			);
			buildRules = (
			);
			dependencies = (
				CF7894D22D3F635D00FB4BE9 /* PBXTargetDependency */,
			);
			fileSystemSynchronizedGroups = (
				CF7894D32D3F635D00FB4BE9 /* bini-petTests */,
			);
			name = "bini-petTests";
			packageProductDependencies = (
			);
			productName = "bini-petTests";
			productReference = CF7894D02D3F635D00FB4BE9 /* bini-petTests.xctest */;
			productType = "com.apple.product-type.bundle.unit-test";
		};
		CF7894D92D3F635D00FB4BE9 /* bini-petUITests */ = {
			isa = PBXNativeTarget;
			buildConfigurationList = CF7895162D3F635F00FB4BE9 /* Build configuration list for PBXNativeTarget "bini-petUITests" */;
			buildPhases = (
				CF7894D62D3F635D00FB4BE9 /* Sources */,
				CF7894D72D3F635D00FB4BE9 /* Frameworks */,
				CF7894D82D3F635D00FB4BE9 /* Resources */,
			);
			buildRules = (
			);
			dependencies = (
				CF7894DC2D3F635D00FB4BE9 /* PBXTargetDependency */,
			);
			fileSystemSynchronizedGroups = (
				CF7894DD2D3F635D00FB4BE9 /* bini-petUITests */,
			);
			name = "bini-petUITests";
			packageProductDependencies = (
			);
			productName = "bini-petUITests";
			productReference = CF7894DA2D3F635D00FB4BE9 /* bini-petUITests.xctest */;
			productType = "com.apple.product-type.bundle.ui-testing";
		};
		CF7894E52D3F635D00FB4BE9 /* bini-pet Watch App */ = {
			isa = PBXNativeTarget;
			buildConfigurationList = CF78950C2D3F635F00FB4BE9 /* Build configuration list for PBXNativeTarget "bini-pet Watch App" */;
			buildPhases = (
				CF7894E22D3F635D00FB4BE9 /* Sources */,
				CF7894E32D3F635D00FB4BE9 /* Frameworks */,
				CF7894E42D3F635D00FB4BE9 /* Resources */,
			);
			buildRules = (
			);
			dependencies = (
			);
			fileSystemSynchronizedGroups = (
				CF7894EA2D3F635E00FB4BE9 /* bini-pet Watch App */,
			);
			name = "bini-pet Watch App";
			packageProductDependencies = (
			);
			productName = "bini-pet Watch App";
			productReference = CF7894E62D3F635D00FB4BE9 /* bini-pet Watch App.app */;
			productType = "com.apple.product-type.application";
		};
		CF7894F72D3F635F00FB4BE9 /* bini-pet Watch AppTests */ = {
			isa = PBXNativeTarget;
			buildConfigurationList = CF7895192D3F635F00FB4BE9 /* Build configuration list for PBXNativeTarget "bini-pet Watch AppTests" */;
			buildPhases = (
				CF7894F42D3F635F00FB4BE9 /* Sources */,
				CF7894F52D3F635F00FB4BE9 /* Frameworks */,
				CF7894F62D3F635F00FB4BE9 /* Resources */,
			);
			buildRules = (
			);
			dependencies = (
				CF7894FA2D3F635F00FB4BE9 /* PBXTargetDependency */,
			);
			fileSystemSynchronizedGroups = (
				CF7894FB2D3F635F00FB4BE9 /* bini-pet Watch AppTests */,
			);
			name = "bini-pet Watch AppTests";
			packageProductDependencies = (
			);
			productName = "bini-pet Watch AppTests";
			productReference = CF7894F82D3F635F00FB4BE9 /* bini-pet Watch AppTests.xctest */;
			productType = "com.apple.product-type.bundle.unit-test";
		};
		CF7895012D3F635F00FB4BE9 /* bini-pet Watch AppUITests */ = {
			isa = PBXNativeTarget;
			buildConfigurationList = CF78951C2D3F635F00FB4BE9 /* Build configuration list for PBXNativeTarget "bini-pet Watch AppUITests" */;
			buildPhases = (
				CF7894FE2D3F635F00FB4BE9 /* Sources */,
				CF7894FF2D3F635F00FB4BE9 /* Frameworks */,
				CF7895002D3F635F00FB4BE9 /* Resources */,
			);
			buildRules = (
			);
			dependencies = (
				CF7895042D3F635F00FB4BE9 /* PBXTargetDependency */,
			);
			fileSystemSynchronizedGroups = (
				CF7895052D3F635F00FB4BE9 /* bini-pet Watch AppUITests */,
			);
			name = "bini-pet Watch AppUITests";
			packageProductDependencies = (
			);
			productName = "bini-pet Watch AppUITests";
			productReference = CF7895022D3F635F00FB4BE9 /* bini-pet Watch AppUITests.xctest */;
			productType = "com.apple.product-type.bundle.ui-testing";
		};
/* End PBXNativeTarget section */

/* Begin PBXProject section */
		CF7894B82D3F635B00FB4BE9 /* Project object */ = {
			isa = PBXProject;
			attributes = {
				BuildIndependentTargetsInParallel = 1;
				LastSwiftUpdateCheck = 1620;
				LastUpgradeCheck = 1620;
				TargetAttributes = {
					CF7894BF2D3F635B00FB4BE9 = {
						CreatedOnToolsVersion = 16.2;
					};
					CF7894CF2D3F635D00FB4BE9 = {
						CreatedOnToolsVersion = 16.2;
						TestTargetID = CF7894BF2D3F635B00FB4BE9;
					};
					CF7894D92D3F635D00FB4BE9 = {
						CreatedOnToolsVersion = 16.2;
						TestTargetID = CF7894BF2D3F635B00FB4BE9;
					};
					CF7894E52D3F635D00FB4BE9 = {
						CreatedOnToolsVersion = 16.2;
					};
					CF7894F72D3F635F00FB4BE9 = {
						CreatedOnToolsVersion = 16.2;
						TestTargetID = CF7894E52D3F635D00FB4BE9;
					};
					CF7895012D3F635F00FB4BE9 = {
						CreatedOnToolsVersion = 16.2;
						TestTargetID = CF7894E52D3F635D00FB4BE9;
					};
				};
			};
			buildConfigurationList = CF7894BB2D3F635B00FB4BE9 /* Build configuration list for PBXProject "bini-pet" */;
			developmentRegion = en;
			hasScannedForEncodings = 0;
			knownRegions = (
				en,
				Base,
			);
			mainGroup = CF7894B72D3F635B00FB4BE9;
			minimizedProjectReferenceProxies = 1;
			preferredProjectObjectVersion = 77;
			productRefGroup = CF7894C12D3F635B00FB4BE9 /* Products */;
			projectDirPath = "";
			projectRoot = "";
			targets = (
				CF7894BF2D3F635B00FB4BE9 /* bini-pet */,
				CF7894CF2D3F635D00FB4BE9 /* bini-petTests */,
				CF7894D92D3F635D00FB4BE9 /* bini-petUITests */,
				CF7894E52D3F635D00FB4BE9 /* bini-pet Watch App */,
				CF7894F72D3F635F00FB4BE9 /* bini-pet Watch AppTests */,
				CF7895012D3F635F00FB4BE9 /* bini-pet Watch AppUITests */,
			);
		};
/* End PBXProject section */

/* Begin PBXResourcesBuildPhase section */
		CF7894BE2D3F635B00FB4BE9 /* Resources */ = {
			isa = PBXResourcesBuildPhase;
			buildActionMask = 2147483647;
			files = (
			);
			runOnlyForDeploymentPostprocessing = 0;
		};
		CF7894CE2D3F635D00FB4BE9 /* Resources */ = {
			isa = PBXResourcesBuildPhase;
			buildActionMask = 2147483647;
			files = (
			);
			runOnlyForDeploymentPostprocessing = 0;
		};
		CF7894D82D3F635D00FB4BE9 /* Resources */ = {
			isa = PBXResourcesBuildPhase;
			buildActionMask = 2147483647;
			files = (
			);
			runOnlyForDeploymentPostprocessing = 0;
		};
		CF7894E42D3F635D00FB4BE9 /* Resources */ = {
			isa = PBXResourcesBuildPhase;
			buildActionMask = 2147483647;
			files = (
			);
			runOnlyForDeploymentPostprocessing = 0;
		};
		CF7894F62D3F635F00FB4BE9 /* Resources */ = {
			isa = PBXResourcesBuildPhase;
			buildActionMask = 2147483647;
			files = (
			);
			runOnlyForDeploymentPostprocessing = 0;
		};
		CF7895002D3F635F00FB4BE9 /* Resources */ = {
			isa = PBXResourcesBuildPhase;
			buildActionMask = 2147483647;
			files = (
			);
			runOnlyForDeploymentPostprocessing = 0;
		};
/* End PBXResourcesBuildPhase section */

/* Begin PBXSourcesBuildPhase section */
		CF7894BC2D3F635B00FB4BE9 /* Sources */ = {
			isa = PBXSourcesBuildPhase;
			buildActionMask = 2147483647;
			files = (
			);
			runOnlyForDeploymentPostprocessing = 0;
		};
		CF7894CC2D3F635D00FB4BE9 /* Sources */ = {
			isa = PBXSourcesBuildPhase;
			buildActionMask = 2147483647;
			files = (
			);
			runOnlyForDeploymentPostprocessing = 0;
		};
		CF7894D62D3F635D00FB4BE9 /* Sources */ = {
			isa = PBXSourcesBuildPhase;
			buildActionMask = 2147483647;
			files = (
			);
			runOnlyForDeploymentPostprocessing = 0;
		};
		CF7894E22D3F635D00FB4BE9 /* Sources */ = {
			isa = PBXSourcesBuildPhase;
			buildActionMask = 2147483647;
			files = (
			);
			runOnlyForDeploymentPostprocessing = 0;
		};
		CF7894F42D3F635F00FB4BE9 /* Sources */ = {
			isa = PBXSourcesBuildPhase;
			buildActionMask = 2147483647;
			files = (
			);
			runOnlyForDeploymentPostprocessing = 0;
		};
		CF7894FE2D3F635F00FB4BE9 /* Sources */ = {
			isa = PBXSourcesBuildPhase;
			buildActionMask = 2147483647;
			files = (
			);
			runOnlyForDeploymentPostprocessing = 0;
		};
/* End PBXSourcesBuildPhase section */

/* Begin PBXTargetDependency section */
		CF7894D22D3F635D00FB4BE9 /* PBXTargetDependency */ = {
			isa = PBXTargetDependency;
			target = CF7894BF2D3F635B00FB4BE9 /* bini-pet */;
			targetProxy = CF7894D12D3F635D00FB4BE9 /* PBXContainerItemProxy */;
		};
		CF7894DC2D3F635D00FB4BE9 /* PBXTargetDependency */ = {
			isa = PBXTargetDependency;
			target = CF7894BF2D3F635B00FB4BE9 /* bini-pet */;
			targetProxy = CF7894DB2D3F635D00FB4BE9 /* PBXContainerItemProxy */;
		};
		CF7894E92D3F635D00FB4BE9 /* PBXTargetDependency */ = {
			isa = PBXTargetDependency;
			target = CF7894E52D3F635D00FB4BE9 /* bini-pet Watch App */;
			targetProxy = CF7894E82D3F635D00FB4BE9 /* PBXContainerItemProxy */;
		};
		CF7894FA2D3F635F00FB4BE9 /* PBXTargetDependency */ = {
			isa = PBXTargetDependency;
			target = CF7894E52D3F635D00FB4BE9 /* bini-pet Watch App */;
			targetProxy = CF7894F92D3F635F00FB4BE9 /* PBXContainerItemProxy */;
		};
		CF7895042D3F635F00FB4BE9 /* PBXTargetDependency */ = {
			isa = PBXTargetDependency;
			target = CF7894E52D3F635D00FB4BE9 /* bini-pet Watch App */;
			targetProxy = CF7895032D3F635F00FB4BE9 /* PBXContainerItemProxy */;
		};
/* End PBXTargetDependency section */

/* Begin XCBuildConfiguration section */
		CF78950A2D3F635F00FB4BE9 /* Debug */ = {
			isa = XCBuildConfiguration;
			buildSettings = {
				ALWAYS_SEARCH_USER_PATHS = NO;
				ASSETCATALOG_COMPILER_GENERATE_SWIFT_ASSET_SYMBOL_EXTENSIONS = YES;
				CLANG_ANALYZER_NONNULL = YES;
				CLANG_ANALYZER_NUMBER_OBJECT_CONVERSION = YES_AGGRESSIVE;
				CLANG_CXX_LANGUAGE_STANDARD = "gnu++20";
				CLANG_ENABLE_MODULES = YES;
				CLANG_ENABLE_OBJC_ARC = YES;
				CLANG_ENABLE_OBJC_WEAK = YES;
				CLANG_WARN_BLOCK_CAPTURE_AUTORELEASING = YES;
				CLANG_WARN_BOOL_CONVERSION = YES;
				CLANG_WARN_COMMA = YES;
				CLANG_WARN_CONSTANT_CONVERSION = YES;
				CLANG_WARN_DEPRECATED_OBJC_IMPLEMENTATIONS = YES;
				CLANG_WARN_DIRECT_OBJC_ISA_USAGE = YES_ERROR;
				CLANG_WARN_DOCUMENTATION_COMMENTS = YES;
				CLANG_WARN_EMPTY_BODY = YES;
				CLANG_WARN_ENUM_CONVERSION = YES;
				CLANG_WARN_INFINITE_RECURSION = YES;
				CLANG_WARN_INT_CONVERSION = YES;
				CLANG_WARN_NON_LITERAL_NULL_CONVERSION = YES;
				CLANG_WARN_OBJC_IMPLICIT_RETAIN_SELF = YES;
				CLANG_WARN_OBJC_LITERAL_CONVERSION = YES;
				CLANG_WARN_OBJC_ROOT_CLASS = YES_ERROR;
				CLANG_WARN_QUOTED_INCLUDE_IN_FRAMEWORK_HEADER = YES;
				CLANG_WARN_RANGE_LOOP_ANALYSIS = YES;
				CLANG_WARN_STRICT_PROTOTYPES = YES;
				CLANG_WARN_SUSPICIOUS_MOVE = YES;
				CLANG_WARN_UNGUARDED_AVAILABILITY = YES_AGGRESSIVE;
				CLANG_WARN_UNREACHABLE_CODE = YES;
				CLANG_WARN__DUPLICATE_METHOD_MATCH = YES;
				COPY_PHASE_STRIP = NO;
				DEBUG_INFORMATION_FORMAT = dwarf;
				ENABLE_STRICT_OBJC_MSGSEND = YES;
				ENABLE_TESTABILITY = YES;
				ENABLE_USER_SCRIPT_SANDBOXING = YES;
				GCC_C_LANGUAGE_STANDARD = gnu17;
				GCC_DYNAMIC_NO_PIC = NO;
				GCC_NO_COMMON_BLOCKS = YES;
				GCC_OPTIMIZATION_LEVEL = 0;
				GCC_PREPROCESSOR_DEFINITIONS = (
					"DEBUG=1",
					"$(inherited)",
				);
				GCC_WARN_64_TO_32_BIT_CONVERSION = YES;
				GCC_WARN_ABOUT_RETURN_TYPE = YES_ERROR;
				GCC_WARN_UNDECLARED_SELECTOR = YES;
				GCC_WARN_UNINITIALIZED_AUTOS = YES_AGGRESSIVE;
				GCC_WARN_UNUSED_FUNCTION = YES;
				GCC_WARN_UNUSED_VARIABLE = YES;
				LOCALIZATION_PREFERS_STRING_CATALOGS = YES;
				MTL_ENABLE_DEBUG_INFO = INCLUDE_SOURCE;
				MTL_FAST_MATH = YES;
				ONLY_ACTIVE_ARCH = YES;
				SWIFT_ACTIVE_COMPILATION_CONDITIONS = "DEBUG $(inherited)";
				SWIFT_OPTIMIZATION_LEVEL = "-Onone";
			};
			name = Debug;
		};
		CF78950B2D3F635F00FB4BE9 /* Release */ = {
			isa = XCBuildConfiguration;
			buildSettings = {
				ALWAYS_SEARCH_USER_PATHS = NO;
				ASSETCATALOG_COMPILER_GENERATE_SWIFT_ASSET_SYMBOL_EXTENSIONS = YES;
				CLANG_ANALYZER_NONNULL = YES;
				CLANG_ANALYZER_NUMBER_OBJECT_CONVERSION = YES_AGGRESSIVE;
				CLANG_CXX_LANGUAGE_STANDARD = "gnu++20";
				CLANG_ENABLE_MODULES = YES;
				CLANG_ENABLE_OBJC_ARC = YES;
				CLANG_ENABLE_OBJC_WEAK = YES;
				CLANG_WARN_BLOCK_CAPTURE_AUTORELEASING = YES;
				CLANG_WARN_BOOL_CONVERSION = YES;
				CLANG_WARN_COMMA = YES;
				CLANG_WARN_CONSTANT_CONVERSION = YES;
				CLANG_WARN_DEPRECATED_OBJC_IMPLEMENTATIONS = YES;
				CLANG_WARN_DIRECT_OBJC_ISA_USAGE = YES_ERROR;
				CLANG_WARN_DOCUMENTATION_COMMENTS = YES;
				CLANG_WARN_EMPTY_BODY = YES;
				CLANG_WARN_ENUM_CONVERSION = YES;
				CLANG_WARN_INFINITE_RECURSION = YES;
				CLANG_WARN_INT_CONVERSION = YES;
				CLANG_WARN_NON_LITERAL_NULL_CONVERSION = YES;
				CLANG_WARN_OBJC_IMPLICIT_RETAIN_SELF = YES;
				CLANG_WARN_OBJC_LITERAL_CONVERSION = YES;
				CLANG_WARN_OBJC_ROOT_CLASS = YES_ERROR;
				CLANG_WARN_QUOTED_INCLUDE_IN_FRAMEWORK_HEADER = YES;
				CLANG_WARN_RANGE_LOOP_ANALYSIS = YES;
				CLANG_WARN_STRICT_PROTOTYPES = YES;
				CLANG_WARN_SUSPICIOUS_MOVE = YES;
				CLANG_WARN_UNGUARDED_AVAILABILITY = YES_AGGRESSIVE;
				CLANG_WARN_UNREACHABLE_CODE = YES;
				CLANG_WARN__DUPLICATE_METHOD_MATCH = YES;
				COPY_PHASE_STRIP = NO;
				DEBUG_INFORMATION_FORMAT = "dwarf-with-dsym";
				ENABLE_NS_ASSERTIONS = NO;
				ENABLE_STRICT_OBJC_MSGSEND = YES;
				ENABLE_USER_SCRIPT_SANDBOXING = YES;
				GCC_C_LANGUAGE_STANDARD = gnu17;
				GCC_NO_COMMON_BLOCKS = YES;
				GCC_WARN_64_TO_32_BIT_CONVERSION = YES;
				GCC_WARN_ABOUT_RETURN_TYPE = YES_ERROR;
				GCC_WARN_UNDECLARED_SELECTOR = YES;
				GCC_WARN_UNINITIALIZED_AUTOS = YES_AGGRESSIVE;
				GCC_WARN_UNUSED_FUNCTION = YES;
				GCC_WARN_UNUSED_VARIABLE = YES;
				LOCALIZATION_PREFERS_STRING_CATALOGS = YES;
				MTL_ENABLE_DEBUG_INFO = NO;
				MTL_FAST_MATH = YES;
				SWIFT_COMPILATION_MODE = wholemodule;
			};
			name = Release;
		};
		CF78950D2D3F635F00FB4BE9 /* Debug */ = {
			isa = XCBuildConfiguration;
			buildSettings = {
				ASSETCATALOG_COMPILER_APPICON_NAME = AppIcon;
				ASSETCATALOG_COMPILER_GLOBAL_ACCENT_COLOR_NAME = AccentColor;
				CODE_SIGN_STYLE = Automatic;
				CURRENT_PROJECT_VERSION = 1;
				DEVELOPMENT_ASSET_PATHS = "\"bini-pet Watch App/Preview Content\"";
				DEVELOPMENT_TEAM = QTD33HXD54;
				ENABLE_PREVIEWS = YES;
				GENERATE_INFOPLIST_FILE = YES;
				INFOPLIST_KEY_CFBundleDisplayName = "bini-pet";
				INFOPLIST_KEY_UISupportedInterfaceOrientations = "UIInterfaceOrientationPortrait UIInterfaceOrientationPortraitUpsideDown";
				INFOPLIST_KEY_WKCompanionAppBundleIdentifier = "lismin.bini-pet";
				LD_RUNPATH_SEARCH_PATHS = (
					"$(inherited)",
					"@executable_path/Frameworks",
				);
				MARKETING_VERSION = 1.0;
				PRODUCT_BUNDLE_IDENTIFIER = "lismin.bini-pet.watchkitapp";
				PRODUCT_NAME = "$(TARGET_NAME)";
				SDKROOT = watchos;
				SKIP_INSTALL = YES;
				SWIFT_EMIT_LOC_STRINGS = YES;
				SWIFT_VERSION = 5.0;
				TARGETED_DEVICE_FAMILY = 4;
				WATCHOS_DEPLOYMENT_TARGET = 11.2;
			};
			name = Debug;
		};
		CF78950E2D3F635F00FB4BE9 /* Release */ = {
			isa = XCBuildConfiguration;
			buildSettings = {
				ASSETCATALOG_COMPILER_APPICON_NAME = AppIcon;
				ASSETCATALOG_COMPILER_GLOBAL_ACCENT_COLOR_NAME = AccentColor;
				CODE_SIGN_STYLE = Automatic;
				CURRENT_PROJECT_VERSION = 1;
				DEVELOPMENT_ASSET_PATHS = "\"bini-pet Watch App/Preview Content\"";
				DEVELOPMENT_TEAM = QTD33HXD54;
				ENABLE_PREVIEWS = YES;
				GENERATE_INFOPLIST_FILE = YES;
				INFOPLIST_KEY_CFBundleDisplayName = "bini-pet";
				INFOPLIST_KEY_UISupportedInterfaceOrientations = "UIInterfaceOrientationPortrait UIInterfaceOrientationPortraitUpsideDown";
				INFOPLIST_KEY_WKCompanionAppBundleIdentifier = "lismin.bini-pet";
				LD_RUNPATH_SEARCH_PATHS = (
					"$(inherited)",
					"@executable_path/Frameworks",
				);
				MARKETING_VERSION = 1.0;
				PRODUCT_BUNDLE_IDENTIFIER = "lismin.bini-pet.watchkitapp";
				PRODUCT_NAME = "$(TARGET_NAME)";
				SDKROOT = watchos;
				SKIP_INSTALL = YES;
				SWIFT_EMIT_LOC_STRINGS = YES;
				SWIFT_VERSION = 5.0;
				TARGETED_DEVICE_FAMILY = 4;
				VALIDATE_PRODUCT = YES;
				WATCHOS_DEPLOYMENT_TARGET = 11.2;
			};
			name = Release;
		};
		CF7895112D3F635F00FB4BE9 /* Debug */ = {
			isa = XCBuildConfiguration;
			buildSettings = {
				ASSETCATALOG_COMPILER_APPICON_NAME = AppIcon;
				ASSETCATALOG_COMPILER_GLOBAL_ACCENT_COLOR_NAME = AccentColor;
				CODE_SIGN_STYLE = Automatic;
				CURRENT_PROJECT_VERSION = 1;
				DEVELOPMENT_ASSET_PATHS = "\"bini-pet/Preview Content\"";
				DEVELOPMENT_TEAM = QTD33HXD54;
				ENABLE_PREVIEWS = YES;
				GENERATE_INFOPLIST_FILE = YES;
				INFOPLIST_KEY_CFBundleDisplayName = "bini-pet";
				INFOPLIST_KEY_UIApplicationSceneManifest_Generation = YES;
				INFOPLIST_KEY_UIApplicationSupportsIndirectInputEvents = YES;
				INFOPLIST_KEY_UILaunchScreen_Generation = YES;
				INFOPLIST_KEY_UISupportedInterfaceOrientations_iPad = "UIInterfaceOrientationPortrait UIInterfaceOrientationPortraitUpsideDown UIInterfaceOrientationLandscapeLeft UIInterfaceOrientationLandscapeRight";
				INFOPLIST_KEY_UISupportedInterfaceOrientations_iPhone = "UIInterfaceOrientationPortrait UIInterfaceOrientationLandscapeLeft UIInterfaceOrientationLandscapeRight";
				IPHONEOS_DEPLOYMENT_TARGET = 18.2;
				LD_RUNPATH_SEARCH_PATHS = (
					"$(inherited)",
					"@executable_path/Frameworks",
				);
				MARKETING_VERSION = 1.0;
				PRODUCT_BUNDLE_IDENTIFIER = "lismin.bini-pet";
				PRODUCT_NAME = "$(TARGET_NAME)";
				SDKROOT = iphoneos;
				SWIFT_EMIT_LOC_STRINGS = YES;
				SWIFT_VERSION = 5.0;
				TARGETED_DEVICE_FAMILY = "1,2";
			};
			name = Debug;
		};
		CF7895122D3F635F00FB4BE9 /* Release */ = {
			isa = XCBuildConfiguration;
			buildSettings = {
				ASSETCATALOG_COMPILER_APPICON_NAME = AppIcon;
				ASSETCATALOG_COMPILER_GLOBAL_ACCENT_COLOR_NAME = AccentColor;
				CODE_SIGN_STYLE = Automatic;
				CURRENT_PROJECT_VERSION = 1;
				DEVELOPMENT_ASSET_PATHS = "\"bini-pet/Preview Content\"";
				DEVELOPMENT_TEAM = QTD33HXD54;
				ENABLE_PREVIEWS = YES;
				GENERATE_INFOPLIST_FILE = YES;
				INFOPLIST_KEY_CFBundleDisplayName = "bini-pet";
				INFOPLIST_KEY_UIApplicationSceneManifest_Generation = YES;
				INFOPLIST_KEY_UIApplicationSupportsIndirectInputEvents = YES;
				INFOPLIST_KEY_UILaunchScreen_Generation = YES;
				INFOPLIST_KEY_UISupportedInterfaceOrientations_iPad = "UIInterfaceOrientationPortrait UIInterfaceOrientationPortraitUpsideDown UIInterfaceOrientationLandscapeLeft UIInterfaceOrientationLandscapeRight";
				INFOPLIST_KEY_UISupportedInterfaceOrientations_iPhone = "UIInterfaceOrientationPortrait UIInterfaceOrientationLandscapeLeft UIInterfaceOrientationLandscapeRight";
				IPHONEOS_DEPLOYMENT_TARGET = 18.2;
				LD_RUNPATH_SEARCH_PATHS = (
					"$(inherited)",
					"@executable_path/Frameworks",
				);
				MARKETING_VERSION = 1.0;
				PRODUCT_BUNDLE_IDENTIFIER = "lismin.bini-pet";
				PRODUCT_NAME = "$(TARGET_NAME)";
				SDKROOT = iphoneos;
				SWIFT_EMIT_LOC_STRINGS = YES;
				SWIFT_VERSION = 5.0;
				TARGETED_DEVICE_FAMILY = "1,2";
				VALIDATE_PRODUCT = YES;
			};
			name = Release;
		};
		CF7895142D3F635F00FB4BE9 /* Debug */ = {
			isa = XCBuildConfiguration;
			buildSettings = {
				BUNDLE_LOADER = "$(TEST_HOST)";
				CODE_SIGN_STYLE = Automatic;
				CURRENT_PROJECT_VERSION = 1;
				DEVELOPMENT_TEAM = QTD33HXD54;
				GENERATE_INFOPLIST_FILE = YES;
				IPHONEOS_DEPLOYMENT_TARGET = 18.2;
				MARKETING_VERSION = 1.0;
				PRODUCT_BUNDLE_IDENTIFIER = "lismin.bini-petTests";
				PRODUCT_NAME = "$(TARGET_NAME)";
				SDKROOT = iphoneos;
				SWIFT_EMIT_LOC_STRINGS = NO;
				SWIFT_VERSION = 5.0;
				TARGETED_DEVICE_FAMILY = "1,2";
				TEST_HOST = "$(BUILT_PRODUCTS_DIR)/bini-pet.app/$(BUNDLE_EXECUTABLE_FOLDER_PATH)/bini-pet";
			};
			name = Debug;
		};
		CF7895152D3F635F00FB4BE9 /* Release */ = {
			isa = XCBuildConfiguration;
			buildSettings = {
				BUNDLE_LOADER = "$(TEST_HOST)";
				CODE_SIGN_STYLE = Automatic;
				CURRENT_PROJECT_VERSION = 1;
				DEVELOPMENT_TEAM = QTD33HXD54;
				GENERATE_INFOPLIST_FILE = YES;
				IPHONEOS_DEPLOYMENT_TARGET = 18.2;
				MARKETING_VERSION = 1.0;
				PRODUCT_BUNDLE_IDENTIFIER = "lismin.bini-petTests";
				PRODUCT_NAME = "$(TARGET_NAME)";
				SDKROOT = iphoneos;
				SWIFT_EMIT_LOC_STRINGS = NO;
				SWIFT_VERSION = 5.0;
				TARGETED_DEVICE_FAMILY = "1,2";
				TEST_HOST = "$(BUILT_PRODUCTS_DIR)/bini-pet.app/$(BUNDLE_EXECUTABLE_FOLDER_PATH)/bini-pet";
				VALIDATE_PRODUCT = YES;
			};
			name = Release;
		};
		CF7895172D3F635F00FB4BE9 /* Debug */ = {
			isa = XCBuildConfiguration;
			buildSettings = {
				CODE_SIGN_STYLE = Automatic;
				CURRENT_PROJECT_VERSION = 1;
				DEVELOPMENT_TEAM = QTD33HXD54;
				GENERATE_INFOPLIST_FILE = YES;
				IPHONEOS_DEPLOYMENT_TARGET = 18.2;
				MARKETING_VERSION = 1.0;
				PRODUCT_BUNDLE_IDENTIFIER = "lismin.bini-petUITests";
				PRODUCT_NAME = "$(TARGET_NAME)";
				SDKROOT = iphoneos;
				SWIFT_EMIT_LOC_STRINGS = NO;
				SWIFT_VERSION = 5.0;
				TARGETED_DEVICE_FAMILY = "1,2";
				TEST_TARGET_NAME = "bini-pet";
			};
			name = Debug;
		};
		CF7895182D3F635F00FB4BE9 /* Release */ = {
			isa = XCBuildConfiguration;
			buildSettings = {
				CODE_SIGN_STYLE = Automatic;
				CURRENT_PROJECT_VERSION = 1;
				DEVELOPMENT_TEAM = QTD33HXD54;
				GENERATE_INFOPLIST_FILE = YES;
				IPHONEOS_DEPLOYMENT_TARGET = 18.2;
				MARKETING_VERSION = 1.0;
				PRODUCT_BUNDLE_IDENTIFIER = "lismin.bini-petUITests";
				PRODUCT_NAME = "$(TARGET_NAME)";
				SDKROOT = iphoneos;
				SWIFT_EMIT_LOC_STRINGS = NO;
				SWIFT_VERSION = 5.0;
				TARGETED_DEVICE_FAMILY = "1,2";
				TEST_TARGET_NAME = "bini-pet";
				VALIDATE_PRODUCT = YES;
			};
			name = Release;
		};
		CF78951A2D3F635F00FB4BE9 /* Debug */ = {
			isa = XCBuildConfiguration;
			buildSettings = {
				BUNDLE_LOADER = "$(TEST_HOST)";
				CODE_SIGN_STYLE = Automatic;
				CURRENT_PROJECT_VERSION = 1;
				DEVELOPMENT_TEAM = QTD33HXD54;
				GENERATE_INFOPLIST_FILE = YES;
				MARKETING_VERSION = 1.0;
				PRODUCT_BUNDLE_IDENTIFIER = "lismin.bini-pet-Watch-AppTests";
				PRODUCT_NAME = "$(TARGET_NAME)";
				SDKROOT = watchos;
				SWIFT_EMIT_LOC_STRINGS = NO;
				SWIFT_VERSION = 5.0;
				TARGETED_DEVICE_FAMILY = 4;
				TEST_HOST = "$(BUILT_PRODUCTS_DIR)/bini-pet Watch App.app/$(BUNDLE_EXECUTABLE_FOLDER_PATH)/bini-pet Watch App";
				WATCHOS_DEPLOYMENT_TARGET = 11.2;
			};
			name = Debug;
		};
		CF78951B2D3F635F00FB4BE9 /* Release */ = {
			isa = XCBuildConfiguration;
			buildSettings = {
				BUNDLE_LOADER = "$(TEST_HOST)";
				CODE_SIGN_STYLE = Automatic;
				CURRENT_PROJECT_VERSION = 1;
				DEVELOPMENT_TEAM = QTD33HXD54;
				GENERATE_INFOPLIST_FILE = YES;
				MARKETING_VERSION = 1.0;
				PRODUCT_BUNDLE_IDENTIFIER = "lismin.bini-pet-Watch-AppTests";
				PRODUCT_NAME = "$(TARGET_NAME)";
				SDKROOT = watchos;
				SWIFT_EMIT_LOC_STRINGS = NO;
				SWIFT_VERSION = 5.0;
				TARGETED_DEVICE_FAMILY = 4;
				TEST_HOST = "$(BUILT_PRODUCTS_DIR)/bini-pet Watch App.app/$(BUNDLE_EXECUTABLE_FOLDER_PATH)/bini-pet Watch App";
				VALIDATE_PRODUCT = YES;
				WATCHOS_DEPLOYMENT_TARGET = 11.2;
			};
			name = Release;
		};
		CF78951D2D3F635F00FB4BE9 /* Debug */ = {
			isa = XCBuildConfiguration;
			buildSettings = {
				CODE_SIGN_STYLE = Automatic;
				CURRENT_PROJECT_VERSION = 1;
				DEVELOPMENT_TEAM = QTD33HXD54;
				GENERATE_INFOPLIST_FILE = YES;
				MARKETING_VERSION = 1.0;
				PRODUCT_BUNDLE_IDENTIFIER = "lismin.bini-pet-Watch-AppUITests";
				PRODUCT_NAME = "$(TARGET_NAME)";
				SDKROOT = watchos;
				SWIFT_EMIT_LOC_STRINGS = NO;
				SWIFT_VERSION = 5.0;
				TARGETED_DEVICE_FAMILY = 4;
				TEST_TARGET_NAME = "bini-pet Watch App";
				WATCHOS_DEPLOYMENT_TARGET = 11.2;
			};
			name = Debug;
		};
		CF78951E2D3F635F00FB4BE9 /* Release */ = {
			isa = XCBuildConfiguration;
			buildSettings = {
				CODE_SIGN_STYLE = Automatic;
				CURRENT_PROJECT_VERSION = 1;
				DEVELOPMENT_TEAM = QTD33HXD54;
				GENERATE_INFOPLIST_FILE = YES;
				MARKETING_VERSION = 1.0;
				PRODUCT_BUNDLE_IDENTIFIER = "lismin.bini-pet-Watch-AppUITests";
				PRODUCT_NAME = "$(TARGET_NAME)";
				SDKROOT = watchos;
				SWIFT_EMIT_LOC_STRINGS = NO;
				SWIFT_VERSION = 5.0;
				TARGETED_DEVICE_FAMILY = 4;
				TEST_TARGET_NAME = "bini-pet Watch App";
				VALIDATE_PRODUCT = YES;
				WATCHOS_DEPLOYMENT_TARGET = 11.2;
			};
			name = Release;
		};
/* End XCBuildConfiguration section */

/* Begin XCConfigurationList section */
		CF7894BB2D3F635B00FB4BE9 /* Build configuration list for PBXProject "bini-pet" */ = {
			isa = XCConfigurationList;
			buildConfigurations = (
				CF78950A2D3F635F00FB4BE9 /* Debug */,
				CF78950B2D3F635F00FB4BE9 /* Release */,
			);
			defaultConfigurationIsVisible = 0;
			defaultConfigurationName = Release;
		};
		CF78950C2D3F635F00FB4BE9 /* Build configuration list for PBXNativeTarget "bini-pet Watch App" */ = {
			isa = XCConfigurationList;
			buildConfigurations = (
				CF78950D2D3F635F00FB4BE9 /* Debug */,
				CF78950E2D3F635F00FB4BE9 /* Release */,
			);
			defaultConfigurationIsVisible = 0;
			defaultConfigurationName = Release;
		};
		CF7895102D3F635F00FB4BE9 /* Build configuration list for PBXNativeTarget "bini-pet" */ = {
			isa = XCConfigurationList;
			buildConfigurations = (
				CF7895112D3F635F00FB4BE9 /* Debug */,
				CF7895122D3F635F00FB4BE9 /* Release */,
			);
			defaultConfigurationIsVisible = 0;
			defaultConfigurationName = Release;
		};
		CF7895132D3F635F00FB4BE9 /* Build configuration list for PBXNativeTarget "bini-petTests" */ = {
			isa = XCConfigurationList;
			buildConfigurations = (
				CF7895142D3F635F00FB4BE9 /* Debug */,
				CF7895152D3F635F00FB4BE9 /* Release */,
			);
			defaultConfigurationIsVisible = 0;
			defaultConfigurationName = Release;
		};
		CF7895162D3F635F00FB4BE9 /* Build configuration list for PBXNativeTarget "bini-petUITests" */ = {
			isa = XCConfigurationList;
			buildConfigurations = (
				CF7895172D3F635F00FB4BE9 /* Debug */,
				CF7895182D3F635F00FB4BE9 /* Release */,
			);
			defaultConfigurationIsVisible = 0;
			defaultConfigurationName = Release;
		};
		CF7895192D3F635F00FB4BE9 /* Build configuration list for PBXNativeTarget "bini-pet Watch AppTests" */ = {
			isa = XCConfigurationList;
			buildConfigurations = (
				CF78951A2D3F635F00FB4BE9 /* Debug */,
				CF78951B2D3F635F00FB4BE9 /* Release */,
			);
			defaultConfigurationIsVisible = 0;
			defaultConfigurationName = Release;
		};
		CF78951C2D3F635F00FB4BE9 /* Build configuration list for PBXNativeTarget "bini-pet Watch AppUITests" */ = {
			isa = XCConfigurationList;
			buildConfigurations = (
				CF78951D2D3F635F00FB4BE9 /* Debug */,
				CF78951E2D3F635F00FB4BE9 /* Release */,
			);
			defaultConfigurationIsVisible = 0;
			defaultConfigurationName = Release;
		};
/* End XCConfigurationList section */
	};
	rootObject = CF7894B82D3F635B00FB4BE9 /* Project object */;
}
